// !$*UTF8*$!
{
	archiveVersion = 1;
	classes = {
	};
	objectVersion = 56;
	objects = {

/* Begin PBXBuildFile section */
		601654B8292C041F000CFE02 /* RegisterVC.swift in Sources */ = {isa = PBXBuildFile; fileRef = 601654B7292C041F000CFE02 /* RegisterVC.swift */; };
		601654BA292C043A000CFE02 /* RegisterPresenter.swift in Sources */ = {isa = PBXBuildFile; fileRef = 601654B9292C043A000CFE02 /* RegisterPresenter.swift */; };
		601654BC292C0441000CFE02 /* RegisterBuilder.swift in Sources */ = {isa = PBXBuildFile; fileRef = 601654BB292C0441000CFE02 /* RegisterBuilder.swift */; };
		601654BF292E1564000CFE02 /* OnBoardPresenter.swift in Sources */ = {isa = PBXBuildFile; fileRef = 601654BE292E1564000CFE02 /* OnBoardPresenter.swift */; };
		601654C1292E1584000CFE02 /* OnBoardVC.swift in Sources */ = {isa = PBXBuildFile; fileRef = 601654C0292E1584000CFE02 /* OnBoardVC.swift */; };
		601654C3292E15D2000CFE02 /* OnBoardBuilder.swift in Sources */ = {isa = PBXBuildFile; fileRef = 601654C2292E15D2000CFE02 /* OnBoardBuilder.swift */; };
		606733A4292BD767004CECE7 /* HomePresenter.swift in Sources */ = {isa = PBXBuildFile; fileRef = 606733A3292BD767004CECE7 /* HomePresenter.swift */; };
		606733A6292BD776004CECE7 /* HomeBuilder.swift in Sources */ = {isa = PBXBuildFile; fileRef = 606733A5292BD776004CECE7 /* HomeBuilder.swift */; };
		606733A9292BD795004CECE7 /* LoginPresenter.swift in Sources */ = {isa = PBXBuildFile; fileRef = 606733A8292BD795004CECE7 /* LoginPresenter.swift */; };
		606733AB292BD7A4004CECE7 /* LoginVC.swift in Sources */ = {isa = PBXBuildFile; fileRef = 606733AA292BD7A4004CECE7 /* LoginVC.swift */; };
		606733AD292BD7C7004CECE7 /* LoginBuilder.swift in Sources */ = {isa = PBXBuildFile; fileRef = 606733AC292BD7C7004CECE7 /* LoginBuilder.swift */; };
		606733B0292BDFCE004CECE7 /* Extension.swift in Sources */ = {isa = PBXBuildFile; fileRef = 606733AF292BDFCE004CECE7 /* Extension.swift */; };
		606733B2292BFE73004CECE7 /* UserModel.swift in Sources */ = {isa = PBXBuildFile; fileRef = 606733B1292BFE73004CECE7 /* UserModel.swift */; };
		608F8D80292BD69D00297FBD /* AppDelegate.swift in Sources */ = {isa = PBXBuildFile; fileRef = 608F8D7F292BD69D00297FBD /* AppDelegate.swift */; };
		608F8D82292BD69D00297FBD /* SceneDelegate.swift in Sources */ = {isa = PBXBuildFile; fileRef = 608F8D81292BD69D00297FBD /* SceneDelegate.swift */; };
		608F8D84292BD69D00297FBD /* HomeVC.swift in Sources */ = {isa = PBXBuildFile; fileRef = 608F8D83292BD69D00297FBD /* HomeVC.swift */; };
		608F8D87292BD69D00297FBD /* Main.storyboard in Resources */ = {isa = PBXBuildFile; fileRef = 608F8D85292BD69D00297FBD /* Main.storyboard */; };
		608F8D89292BD69F00297FBD /* Assets.xcassets in Resources */ = {isa = PBXBuildFile; fileRef = 608F8D88292BD69F00297FBD /* Assets.xcassets */; };
		608F8D8C292BD69F00297FBD /* LaunchScreen.storyboard in Resources */ = {isa = PBXBuildFile; fileRef = 608F8D8A292BD69F00297FBD /* LaunchScreen.storyboard */; };
		717F9F85EF4E01FCEDEEEB90 /* Pods_Medicine_Application.framework in Frameworks */ = {isa = PBXBuildFile; fileRef = D1B4F639E6CD9401F16A1CB0 /* Pods_Medicine_Application.framework */; };
/* End PBXBuildFile section */

/* Begin PBXFileReference section */
		601654B7292C041F000CFE02 /* RegisterVC.swift */ = {isa = PBXFileReference; lastKnownFileType = sourcecode.swift; path = RegisterVC.swift; sourceTree = "<group>"; };
		601654B9292C043A000CFE02 /* RegisterPresenter.swift */ = {isa = PBXFileReference; lastKnownFileType = sourcecode.swift; path = RegisterPresenter.swift; sourceTree = "<group>"; };
		601654BB292C0441000CFE02 /* RegisterBuilder.swift */ = {isa = PBXFileReference; lastKnownFileType = sourcecode.swift; path = RegisterBuilder.swift; sourceTree = "<group>"; };
		601654BE292E1564000CFE02 /* OnBoardPresenter.swift */ = {isa = PBXFileReference; lastKnownFileType = sourcecode.swift; path = OnBoardPresenter.swift; sourceTree = "<group>"; };
		601654C0292E1584000CFE02 /* OnBoardVC.swift */ = {isa = PBXFileReference; lastKnownFileType = sourcecode.swift; path = OnBoardVC.swift; sourceTree = "<group>"; };
		601654C2292E15D2000CFE02 /* OnBoardBuilder.swift */ = {isa = PBXFileReference; lastKnownFileType = sourcecode.swift; path = OnBoardBuilder.swift; sourceTree = "<group>"; };
		606733A3292BD767004CECE7 /* HomePresenter.swift */ = {isa = PBXFileReference; lastKnownFileType = sourcecode.swift; path = HomePresenter.swift; sourceTree = "<group>"; };
		606733A5292BD776004CECE7 /* HomeBuilder.swift */ = {isa = PBXFileReference; lastKnownFileType = sourcecode.swift; path = HomeBuilder.swift; sourceTree = "<group>"; };
		606733A8292BD795004CECE7 /* LoginPresenter.swift */ = {isa = PBXFileReference; lastKnownFileType = sourcecode.swift; path = LoginPresenter.swift; sourceTree = "<group>"; };
		606733AA292BD7A4004CECE7 /* LoginVC.swift */ = {isa = PBXFileReference; lastKnownFileType = sourcecode.swift; path = LoginVC.swift; sourceTree = "<group>"; };
		606733AC292BD7C7004CECE7 /* LoginBuilder.swift */ = {isa = PBXFileReference; lastKnownFileType = sourcecode.swift; path = LoginBuilder.swift; sourceTree = "<group>"; };
		606733AF292BDFCE004CECE7 /* Extension.swift */ = {isa = PBXFileReference; lastKnownFileType = sourcecode.swift; path = Extension.swift; sourceTree = "<group>"; };
		606733B1292BFE73004CECE7 /* UserModel.swift */ = {isa = PBXFileReference; lastKnownFileType = sourcecode.swift; path = UserModel.swift; sourceTree = "<group>"; };
		608F8D7C292BD69D00297FBD /* Medicine-Application.app */ = {isa = PBXFileReference; explicitFileType = wrapper.application; includeInIndex = 0; path = "Medicine-Application.app"; sourceTree = BUILT_PRODUCTS_DIR; };
		608F8D7F292BD69D00297FBD /* AppDelegate.swift */ = {isa = PBXFileReference; lastKnownFileType = sourcecode.swift; path = AppDelegate.swift; sourceTree = "<group>"; };
		608F8D81292BD69D00297FBD /* SceneDelegate.swift */ = {isa = PBXFileReference; lastKnownFileType = sourcecode.swift; path = SceneDelegate.swift; sourceTree = "<group>"; };
		608F8D83292BD69D00297FBD /* HomeVC.swift */ = {isa = PBXFileReference; lastKnownFileType = sourcecode.swift; path = HomeVC.swift; sourceTree = "<group>"; };
		608F8D86292BD69D00297FBD /* Base */ = {isa = PBXFileReference; lastKnownFileType = file.storyboard; name = Base; path = Base.lproj/Main.storyboard; sourceTree = "<group>"; };
		608F8D88292BD69F00297FBD /* Assets.xcassets */ = {isa = PBXFileReference; lastKnownFileType = folder.assetcatalog; path = Assets.xcassets; sourceTree = "<group>"; };
		608F8D8B292BD69F00297FBD /* Base */ = {isa = PBXFileReference; lastKnownFileType = file.storyboard; name = Base; path = Base.lproj/LaunchScreen.storyboard; sourceTree = "<group>"; };
		608F8D8D292BD69F00297FBD /* Info.plist */ = {isa = PBXFileReference; lastKnownFileType = text.plist.xml; path = Info.plist; sourceTree = "<group>"; };
		7A46BC024DAC63BF857DE04A /* Pods-Medicine-Application.debug.xcconfig */ = {isa = PBXFileReference; includeInIndex = 1; lastKnownFileType = text.xcconfig; name = "Pods-Medicine-Application.debug.xcconfig"; path = "Target Support Files/Pods-Medicine-Application/Pods-Medicine-Application.debug.xcconfig"; sourceTree = "<group>"; };
		CD7D7EE989C465B23D7E6A27 /* Pods-Medicine-Application.release.xcconfig */ = {isa = PBXFileReference; includeInIndex = 1; lastKnownFileType = text.xcconfig; name = "Pods-Medicine-Application.release.xcconfig"; path = "Target Support Files/Pods-Medicine-Application/Pods-Medicine-Application.release.xcconfig"; sourceTree = "<group>"; };
		D1B4F639E6CD9401F16A1CB0 /* Pods_Medicine_Application.framework */ = {isa = PBXFileReference; explicitFileType = wrapper.framework; includeInIndex = 0; path = Pods_Medicine_Application.framework; sourceTree = BUILT_PRODUCTS_DIR; };
/* End PBXFileReference section */

/* Begin PBXFrameworksBuildPhase section */
		608F8D79292BD69D00297FBD /* Frameworks */ = {
			isa = PBXFrameworksBuildPhase;
			buildActionMask = 2147483647;
			files = (
				717F9F85EF4E01FCEDEEEB90 /* Pods_Medicine_Application.framework in Frameworks */,
			);
			runOnlyForDeploymentPostprocessing = 0;
		};
/* End PBXFrameworksBuildPhase section */

/* Begin PBXGroup section */
		273E11EBA998128DDD6BBF93 /* Frameworks */ = {
			isa = PBXGroup;
			children = (
				D1B4F639E6CD9401F16A1CB0 /* Pods_Medicine_Application.framework */,
			);
			name = Frameworks;
			sourceTree = "<group>";
		};
		601654B6292C0410000CFE02 /* RegisterVC */ = {
			isa = PBXGroup;
			children = (
				601654B7292C041F000CFE02 /* RegisterVC.swift */,
				601654B9292C043A000CFE02 /* RegisterPresenter.swift */,
				601654BB292C0441000CFE02 /* RegisterBuilder.swift */,
			);
			path = RegisterVC;
			sourceTree = "<group>";
		};
		601654BD292E1557000CFE02 /* OnBoardVC */ = {
			isa = PBXGroup;
			children = (
				601654C0292E1584000CFE02 /* OnBoardVC.swift */,
				601654BE292E1564000CFE02 /* OnBoardPresenter.swift */,
				601654C2292E15D2000CFE02 /* OnBoardBuilder.swift */,
			);
			path = OnBoardVC;
			sourceTree = "<group>";
		};
		6067339F292BD746004CECE7 /* Model */ = {
			isa = PBXGroup;
			children = (
				606733B1292BFE73004CECE7 /* UserModel.swift */,
			);
			path = Model;
			sourceTree = "<group>";
		};
		606733A0292BD74B004CECE7 /* View */ = {
			isa = PBXGroup;
			children = (
				601654BD292E1557000CFE02 /* OnBoardVC */,
				601654B6292C0410000CFE02 /* RegisterVC */,
				606733A7292BD789004CECE7 /* LoginVC */,
				606733A2292BD756004CECE7 /* HomeVC */,
			);
			path = View;
			sourceTree = "<group>";
		};
		606733A2292BD756004CECE7 /* HomeVC */ = {
			isa = PBXGroup;
			children = (
				608F8D83292BD69D00297FBD /* HomeVC.swift */,
				606733A3292BD767004CECE7 /* HomePresenter.swift */,
				606733A5292BD776004CECE7 /* HomeBuilder.swift */,
			);
			path = HomeVC;
			sourceTree = "<group>";
		};
		606733A7292BD789004CECE7 /* LoginVC */ = {
			isa = PBXGroup;
			children = (
				606733AA292BD7A4004CECE7 /* LoginVC.swift */,
				606733A8292BD795004CECE7 /* LoginPresenter.swift */,
				606733AC292BD7C7004CECE7 /* LoginBuilder.swift */,
			);
			path = LoginVC;
			sourceTree = "<group>";
		};
		606733AE292BDFB9004CECE7 /* Extension */ = {
			isa = PBXGroup;
			children = (
				606733AF292BDFCE004CECE7 /* Extension.swift */,
			);
			path = Extension;
			sourceTree = "<group>";
		};
		608F8D73292BD69D00297FBD = {
			isa = PBXGroup;
			children = (
				608F8D7E292BD69D00297FBD /* Medicine-Application */,
				608F8D7D292BD69D00297FBD /* Products */,
				D8BB74A49F0B8137454C2A34 /* Pods */,
				273E11EBA998128DDD6BBF93 /* Frameworks */,
			);
			sourceTree = "<group>";
		};
		608F8D7D292BD69D00297FBD /* Products */ = {
			isa = PBXGroup;
			children = (
				608F8D7C292BD69D00297FBD /* Medicine-Application.app */,
			);
			name = Products;
			sourceTree = "<group>";
		};
		608F8D7E292BD69D00297FBD /* Medicine-Application */ = {
			isa = PBXGroup;
			children = (
				606733AE292BDFB9004CECE7 /* Extension */,
				606733A0292BD74B004CECE7 /* View */,
				6067339F292BD746004CECE7 /* Model */,
				608F8D7F292BD69D00297FBD /* AppDelegate.swift */,
				608F8D81292BD69D00297FBD /* SceneDelegate.swift */,
				608F8D85292BD69D00297FBD /* Main.storyboard */,
				608F8D88292BD69F00297FBD /* Assets.xcassets */,
				608F8D8A292BD69F00297FBD /* LaunchScreen.storyboard */,
				608F8D8D292BD69F00297FBD /* Info.plist */,
			);
			path = "Medicine-Application";
			sourceTree = "<group>";
		};
		D8BB74A49F0B8137454C2A34 /* Pods */ = {
			isa = PBXGroup;
			children = (
				7A46BC024DAC63BF857DE04A /* Pods-Medicine-Application.debug.xcconfig */,
				CD7D7EE989C465B23D7E6A27 /* Pods-Medicine-Application.release.xcconfig */,
			);
			path = Pods;
			sourceTree = "<group>";
		};
/* End PBXGroup section */

/* Begin PBXNativeTarget section */
		608F8D7B292BD69D00297FBD /* Medicine-Application */ = {
			isa = PBXNativeTarget;
			buildConfigurationList = 608F8D90292BD69F00297FBD /* Build configuration list for PBXNativeTarget "Medicine-Application" */;
			buildPhases = (
				AFE0522770C6236DF727D036 /* [CP] Check Pods Manifest.lock */,
				608F8D78292BD69D00297FBD /* Sources */,
				608F8D79292BD69D00297FBD /* Frameworks */,
				608F8D7A292BD69D00297FBD /* Resources */,
				04DC3829C219F9C6614C513B /* [CP] Embed Pods Frameworks */,
			);
			buildRules = (
			);
			dependencies = (
			);
			name = "Medicine-Application";
			productName = "Medicine-Application";
			productReference = 608F8D7C292BD69D00297FBD /* Medicine-Application.app */;
			productType = "com.apple.product-type.application";
		};
/* End PBXNativeTarget section */

/* Begin PBXProject section */
		608F8D74292BD69D00297FBD /* Project object */ = {
			isa = PBXProject;
			attributes = {
				BuildIndependentTargetsInParallel = 1;
				LastSwiftUpdateCheck = 1400;
				LastUpgradeCheck = 1400;
				TargetAttributes = {
					608F8D7B292BD69D00297FBD = {
						CreatedOnToolsVersion = 14.0;
					};
				};
			};
			buildConfigurationList = 608F8D77292BD69D00297FBD /* Build configuration list for PBXProject "Medicine-Application" */;
			compatibilityVersion = "Xcode 14.0";
			developmentRegion = en;
			hasScannedForEncodings = 0;
			knownRegions = (
				en,
				Base,
			);
			mainGroup = 608F8D73292BD69D00297FBD;
			productRefGroup = 608F8D7D292BD69D00297FBD /* Products */;
			projectDirPath = "";
			projectRoot = "";
			targets = (
				608F8D7B292BD69D00297FBD /* Medicine-Application */,
			);
		};
/* End PBXProject section */

/* Begin PBXResourcesBuildPhase section */
		608F8D7A292BD69D00297FBD /* Resources */ = {
			isa = PBXResourcesBuildPhase;
			buildActionMask = 2147483647;
			files = (
				608F8D8C292BD69F00297FBD /* LaunchScreen.storyboard in Resources */,
				608F8D89292BD69F00297FBD /* Assets.xcassets in Resources */,
				608F8D87292BD69D00297FBD /* Main.storyboard in Resources */,
			);
			runOnlyForDeploymentPostprocessing = 0;
		};
/* End PBXResourcesBuildPhase section */

/* Begin PBXShellScriptBuildPhase section */
		04DC3829C219F9C6614C513B /* [CP] Embed Pods Frameworks */ = {
			isa = PBXShellScriptBuildPhase;
			buildActionMask = 2147483647;
			files = (
			);
			inputFileListPaths = (
				"${PODS_ROOT}/Target Support Files/Pods-Medicine-Application/Pods-Medicine-Application-frameworks-${CONFIGURATION}-input-files.xcfilelist",
			);
			name = "[CP] Embed Pods Frameworks";
			outputFileListPaths = (
				"${PODS_ROOT}/Target Support Files/Pods-Medicine-Application/Pods-Medicine-Application-frameworks-${CONFIGURATION}-output-files.xcfilelist",
			);
			runOnlyForDeploymentPostprocessing = 0;
			shellPath = /bin/sh;
			shellScript = "\"${PODS_ROOT}/Target Support Files/Pods-Medicine-Application/Pods-Medicine-Application-frameworks.sh\"\n";
			showEnvVarsInLog = 0;
		};
		AFE0522770C6236DF727D036 /* [CP] Check Pods Manifest.lock */ = {
			isa = PBXShellScriptBuildPhase;
			buildActionMask = 2147483647;
			files = (
			);
			inputFileListPaths = (
			);
			inputPaths = (
				"${PODS_PODFILE_DIR_PATH}/Podfile.lock",
				"${PODS_ROOT}/Manifest.lock",
			);
			name = "[CP] Check Pods Manifest.lock";
			outputFileListPaths = (
			);
			outputPaths = (
				"$(DERIVED_FILE_DIR)/Pods-Medicine-Application-checkManifestLockResult.txt",
			);
			runOnlyForDeploymentPostprocessing = 0;
			shellPath = /bin/sh;
			shellScript = "diff \"${PODS_PODFILE_DIR_PATH}/Podfile.lock\" \"${PODS_ROOT}/Manifest.lock\" > /dev/null\nif [ $? != 0 ] ; then\n    # print error to STDERR\n    echo \"error: The sandbox is not in sync with the Podfile.lock. Run 'pod install' or update your CocoaPods installation.\" >&2\n    exit 1\nfi\n# This output is used by Xcode 'outputs' to avoid re-running this script phase.\necho \"SUCCESS\" > \"${SCRIPT_OUTPUT_FILE_0}\"\n";
			showEnvVarsInLog = 0;
		};
/* End PBXShellScriptBuildPhase section */

/* Begin PBXSourcesBuildPhase section */
		608F8D78292BD69D00297FBD /* Sources */ = {
			isa = PBXSourcesBuildPhase;
			buildActionMask = 2147483647;
			files = (
				606733AB292BD7A4004CECE7 /* LoginVC.swift in Sources */,
				601654B8292C041F000CFE02 /* RegisterVC.swift in Sources */,
				601654BF292E1564000CFE02 /* OnBoardPresenter.swift in Sources */,
				606733A9292BD795004CECE7 /* LoginPresenter.swift in Sources */,
				601654BC292C0441000CFE02 /* RegisterBuilder.swift in Sources */,
				608F8D84292BD69D00297FBD /* HomeVC.swift in Sources */,
				601654C1292E1584000CFE02 /* OnBoardVC.swift in Sources */,
				608F8D80292BD69D00297FBD /* AppDelegate.swift in Sources */,
				606733A6292BD776004CECE7 /* HomeBuilder.swift in Sources */,
				606733AD292BD7C7004CECE7 /* LoginBuilder.swift in Sources */,
				601654BA292C043A000CFE02 /* RegisterPresenter.swift in Sources */,
				601654C3292E15D2000CFE02 /* OnBoardBuilder.swift in Sources */,
				608F8D82292BD69D00297FBD /* SceneDelegate.swift in Sources */,
				606733A4292BD767004CECE7 /* HomePresenter.swift in Sources */,
				606733B2292BFE73004CECE7 /* UserModel.swift in Sources */,
				606733B0292BDFCE004CECE7 /* Extension.swift in Sources */,
			);
			runOnlyForDeploymentPostprocessing = 0;
		};
/* End PBXSourcesBuildPhase section */

/* Begin PBXVariantGroup section */
		608F8D85292BD69D00297FBD /* Main.storyboard */ = {
			isa = PBXVariantGroup;
			children = (
				608F8D86292BD69D00297FBD /* Base */,
			);
			name = Main.storyboard;
			sourceTree = "<group>";
		};
		608F8D8A292BD69F00297FBD /* LaunchScreen.storyboard */ = {
			isa = PBXVariantGroup;
			children = (
				608F8D8B292BD69F00297FBD /* Base */,
			);
			name = LaunchScreen.storyboard;
			sourceTree = "<group>";
		};
/* End PBXVariantGroup section */

/* Begin XCBuildConfiguration section */
		608F8D8E292BD69F00297FBD /* Debug */ = {
			isa = XCBuildConfiguration;
			buildSettings = {
				ALWAYS_SEARCH_USER_PATHS = NO;
				CLANG_ANALYZER_NONNULL = YES;
				CLANG_ANALYZER_NUMBER_OBJECT_CONVERSION = YES_AGGRESSIVE;
				CLANG_CXX_LANGUAGE_STANDARD = "gnu++20";
				CLANG_ENABLE_MODULES = YES;
				CLANG_ENABLE_OBJC_ARC = YES;
				CLANG_ENABLE_OBJC_WEAK = YES;
				CLANG_WARN_BLOCK_CAPTURE_AUTORELEASING = YES;
				CLANG_WARN_BOOL_CONVERSION = YES;
				CLANG_WARN_COMMA = YES;
				CLANG_WARN_CONSTANT_CONVERSION = YES;
				CLANG_WARN_DEPRECATED_OBJC_IMPLEMENTATIONS = YES;
				CLANG_WARN_DIRECT_OBJC_ISA_USAGE = YES_ERROR;
				CLANG_WARN_DOCUMENTATION_COMMENTS = YES;
				CLANG_WARN_EMPTY_BODY = YES;
				CLANG_WARN_ENUM_CONVERSION = YES;
				CLANG_WARN_INFINITE_RECURSION = YES;
				CLANG_WARN_INT_CONVERSION = YES;
				CLANG_WARN_NON_LITERAL_NULL_CONVERSION = YES;
				CLANG_WARN_OBJC_IMPLICIT_RETAIN_SELF = YES;
				CLANG_WARN_OBJC_LITERAL_CONVERSION = YES;
				CLANG_WARN_OBJC_ROOT_CLASS = YES_ERROR;
				CLANG_WARN_QUOTED_INCLUDE_IN_FRAMEWORK_HEADER = YES;
				CLANG_WARN_RANGE_LOOP_ANALYSIS = YES;
				CLANG_WARN_STRICT_PROTOTYPES = YES;
				CLANG_WARN_SUSPICIOUS_MOVE = YES;
				CLANG_WARN_UNGUARDED_AVAILABILITY = YES_AGGRESSIVE;
				CLANG_WARN_UNREACHABLE_CODE = YES;
				CLANG_WARN__DUPLICATE_METHOD_MATCH = YES;
				COPY_PHASE_STRIP = NO;
				DEBUG_INFORMATION_FORMAT = dwarf;
				ENABLE_STRICT_OBJC_MSGSEND = YES;
				ENABLE_TESTABILITY = YES;
				GCC_C_LANGUAGE_STANDARD = gnu11;
				GCC_DYNAMIC_NO_PIC = NO;
				GCC_NO_COMMON_BLOCKS = YES;
				GCC_OPTIMIZATION_LEVEL = 0;
				GCC_PREPROCESSOR_DEFINITIONS = (
					"DEBUG=1",
					"$(inherited)",
				);
				GCC_WARN_64_TO_32_BIT_CONVERSION = YES;
				GCC_WARN_ABOUT_RETURN_TYPE = YES_ERROR;
				GCC_WARN_UNDECLARED_SELECTOR = YES;
				GCC_WARN_UNINITIALIZED_AUTOS = YES_AGGRESSIVE;
				GCC_WARN_UNUSED_FUNCTION = YES;
				GCC_WARN_UNUSED_VARIABLE = YES;
				IPHONEOS_DEPLOYMENT_TARGET = 16.0;
				MTL_ENABLE_DEBUG_INFO = INCLUDE_SOURCE;
				MTL_FAST_MATH = YES;
				ONLY_ACTIVE_ARCH = YES;
				SDKROOT = iphoneos;
				SWIFT_ACTIVE_COMPILATION_CONDITIONS = DEBUG;
				SWIFT_OPTIMIZATION_LEVEL = "-Onone";
			};
			name = Debug;
		};
		608F8D8F292BD69F00297FBD /* Release */ = {
			isa = XCBuildConfiguration;
			buildSettings = {
				ALWAYS_SEARCH_USER_PATHS = NO;
				CLANG_ANALYZER_NONNULL = YES;
				CLANG_ANALYZER_NUMBER_OBJECT_CONVERSION = YES_AGGRESSIVE;
				CLANG_CXX_LANGUAGE_STANDARD = "gnu++20";
				CLANG_ENABLE_MODULES = YES;
				CLANG_ENABLE_OBJC_ARC = YES;
				CLANG_ENABLE_OBJC_WEAK = YES;
				CLANG_WARN_BLOCK_CAPTURE_AUTORELEASING = YES;
				CLANG_WARN_BOOL_CONVERSION = YES;
				CLANG_WARN_COMMA = YES;
				CLANG_WARN_CONSTANT_CONVERSION = YES;
				CLANG_WARN_DEPRECATED_OBJC_IMPLEMENTATIONS = YES;
				CLANG_WARN_DIRECT_OBJC_ISA_USAGE = YES_ERROR;
				CLANG_WARN_DOCUMENTATION_COMMENTS = YES;
				CLANG_WARN_EMPTY_BODY = YES;
				CLANG_WARN_ENUM_CONVERSION = YES;
				CLANG_WARN_INFINITE_RECURSION = YES;
				CLANG_WARN_INT_CONVERSION = YES;
				CLANG_WARN_NON_LITERAL_NULL_CONVERSION = YES;
				CLANG_WARN_OBJC_IMPLICIT_RETAIN_SELF = YES;
				CLANG_WARN_OBJC_LITERAL_CONVERSION = YES;
				CLANG_WARN_OBJC_ROOT_CLASS = YES_ERROR;
				CLANG_WARN_QUOTED_INCLUDE_IN_FRAMEWORK_HEADER = YES;
				CLANG_WARN_RANGE_LOOP_ANALYSIS = YES;
				CLANG_WARN_STRICT_PROTOTYPES = YES;
				CLANG_WARN_SUSPICIOUS_MOVE = YES;
				CLANG_WARN_UNGUARDED_AVAILABILITY = YES_AGGRESSIVE;
				CLANG_WARN_UNREACHABLE_CODE = YES;
				CLANG_WARN__DUPLICATE_METHOD_MATCH = YES;
				COPY_PHASE_STRIP = NO;
				DEBUG_INFORMATION_FORMAT = "dwarf-with-dsym";
				ENABLE_NS_ASSERTIONS = NO;
				ENABLE_STRICT_OBJC_MSGSEND = YES;
				GCC_C_LANGUAGE_STANDARD = gnu11;
				GCC_NO_COMMON_BLOCKS = YES;
				GCC_WARN_64_TO_32_BIT_CONVERSION = YES;
				GCC_WARN_ABOUT_RETURN_TYPE = YES_ERROR;
				GCC_WARN_UNDECLARED_SELECTOR = YES;
				GCC_WARN_UNINITIALIZED_AUTOS = YES_AGGRESSIVE;
				GCC_WARN_UNUSED_FUNCTION = YES;
				GCC_WARN_UNUSED_VARIABLE = YES;
				IPHONEOS_DEPLOYMENT_TARGET = 16.0;
				MTL_ENABLE_DEBUG_INFO = NO;
				MTL_FAST_MATH = YES;
				SDKROOT = iphoneos;
				SWIFT_COMPILATION_MODE = wholemodule;
				SWIFT_OPTIMIZATION_LEVEL = "-O";
				VALIDATE_PRODUCT = YES;
			};
			name = Release;
		};
		608F8D91292BD69F00297FBD /* Debug */ = {
			isa = XCBuildConfiguration;
			baseConfigurationReference = 7A46BC024DAC63BF857DE04A /* Pods-Medicine-Application.debug.xcconfig */;
			buildSettings = {
				ASSETCATALOG_COMPILER_APPICON_NAME = AppIcon;
				ASSETCATALOG_COMPILER_GLOBAL_ACCENT_COLOR_NAME = AccentColor;
				CODE_SIGN_STYLE = Automatic;
				CURRENT_PROJECT_VERSION = 1;
				DEVELOPMENT_TEAM = K8M5FXDJPU;
				GENERATE_INFOPLIST_FILE = YES;
				INFOPLIST_FILE = "Medicine-Application/Info.plist";
				INFOPLIST_KEY_UIApplicationSupportsIndirectInputEvents = YES;
				INFOPLIST_KEY_UILaunchStoryboardName = LaunchScreen;
				INFOPLIST_KEY_UIMainStoryboardFile = Main;
				INFOPLIST_KEY_UISupportedInterfaceOrientations_iPad = "UIInterfaceOrientationPortrait UIInterfaceOrientationPortraitUpsideDown UIInterfaceOrientationLandscapeLeft UIInterfaceOrientationLandscapeRight";
				INFOPLIST_KEY_UISupportedInterfaceOrientations_iPhone = "UIInterfaceOrientationPortrait UIInterfaceOrientationLandscapeLeft UIInterfaceOrientationLandscapeRight";
				LD_RUNPATH_SEARCH_PATHS = (
					"$(inherited)",
					"@executable_path/Frameworks",
				);
				MARKETING_VERSION = 1.0;
				PRODUCT_BUNDLE_IDENTIFIER = "com.shifu.Medicine-Application";
				PRODUCT_NAME = "$(TARGET_NAME)";
				SWIFT_EMIT_LOC_STRINGS = YES;
				SWIFT_VERSION = 5.0;
				TARGETED_DEVICE_FAMILY = "1,2";
			};
			name = Debug;
		};
		608F8D92292BD69F00297FBD /* Release */ = {
			isa = XCBuildConfiguration;
			baseConfigurationReference = CD7D7EE989C465B23D7E6A27 /* Pods-Medicine-Application.release.xcconfig */;
			buildSettings = {
				ASSETCATALOG_COMPILER_APPICON_NAME = AppIcon;
				ASSETCATALOG_COMPILER_GLOBAL_ACCENT_COLOR_NAME = AccentColor;
				CODE_SIGN_STYLE = Automatic;
				CURRENT_PROJECT_VERSION = 1;
				DEVELOPMENT_TEAM = K8M5FXDJPU;
				GENERATE_INFOPLIST_FILE = YES;
				INFOPLIST_FILE = "Medicine-Application/Info.plist";
				INFOPLIST_KEY_UIApplicationSupportsIndirectInputEvents = YES;
				INFOPLIST_KEY_UILaunchStoryboardName = LaunchScreen;
				INFOPLIST_KEY_UIMainStoryboardFile = Main;
				INFOPLIST_KEY_UISupportedInterfaceOrientations_iPad = "UIInterfaceOrientationPortrait UIInterfaceOrientationPortraitUpsideDown UIInterfaceOrientationLandscapeLeft UIInterfaceOrientationLandscapeRight";
				INFOPLIST_KEY_UISupportedInterfaceOrientations_iPhone = "UIInterfaceOrientationPortrait UIInterfaceOrientationLandscapeLeft UIInterfaceOrientationLandscapeRight";
				LD_RUNPATH_SEARCH_PATHS = (
					"$(inherited)",
					"@executable_path/Frameworks",
				);
				MARKETING_VERSION = 1.0;
				PRODUCT_BUNDLE_IDENTIFIER = "com.shifu.Medicine-Application";
				PRODUCT_NAME = "$(TARGET_NAME)";
				SWIFT_EMIT_LOC_STRINGS = YES;
				SWIFT_VERSION = 5.0;
				TARGETED_DEVICE_FAMILY = "1,2";
			};
			name = Release;
		};
/* End XCBuildConfiguration section */

/* Begin XCConfigurationList section */
		608F8D77292BD69D00297FBD /* Build configuration list for PBXProject "Medicine-Application" */ = {
			isa = XCConfigurationList;
			buildConfigurations = (
				608F8D8E292BD69F00297FBD /* Debug */,
				608F8D8F292BD69F00297FBD /* Release */,
			);
			defaultConfigurationIsVisible = 0;
			defaultConfigurationName = Release;
		};
		608F8D90292BD69F00297FBD /* Build configuration list for PBXNativeTarget "Medicine-Application" */ = {
			isa = XCConfigurationList;
			buildConfigurations = (
				608F8D91292BD69F00297FBD /* Debug */,
				608F8D92292BD69F00297FBD /* Release */,
			);
			defaultConfigurationIsVisible = 0;
			defaultConfigurationName = Release;
		};
/* End XCConfigurationList section */
	};
	rootObject = 608F8D74292BD69D00297FBD /* Project object */;
}
